
Microsoft Visual Studio Solution File, Format Version 12.00
# Visual Studio Version 16
VisualStudioVersion = 16.0.30717.126
MinimumVisualStudioVersion = 10.0.40219.1
Project("{8BC9CEB8-8B4A-11D0-8D11-00A0C91BC942}") = "基数排序法", "基数排序法.vcxproj", "{9A32B1CB-C4D6-4D84-8EF7-44ADD127285D}"
EndProject
Global
	GlobalSection(SolutionConfigurationPlatforms) = preSolution
		Debug|x64 = Debug|x64
		Debug|x86 = Debug|x86
		Release|x64 = Release|x64
		Release|x86 = Release|x86
	EndGlobalSection
	GlobalSection(ProjectConfigurationPlatforms) = postSolution
		{9A32B1CB-C4D6-4D84-8EF7-44ADD127285D}.Debug|x64.ActiveCfg = Debug|x64
		{9A32B1CB-C4D6-4D84-8EF7-44ADD127285D}.Debug|x64.Build.0 = Debug|x64
		{9A32B1CB-C4D6-4D84-8EF7-44ADD127285D}.Debug|x86.ActiveCfg = Debug|Win32
		{9A32B1CB-C4D6-4D84-8EF7-44ADD127285D}.Debug|x86.Build.0 = Debug|Win32
		{9A32B1CB-C4D6-4D84-8EF7-44ADD127285D}.Release|x64.ActiveCfg = Release|x64
		{9A32B1CB-C4D6-4D84-8EF7-44ADD127285D}.Release|x64.Build.0 = Release|x64
		{9A32B1CB-C4D6-4D84-8EF7-44ADD127285D}.Release|x86.ActiveCfg = Release|Win32
		{9A32B1CB-C4D6-4D84-8EF7-44ADD127285D}.Release|x86.Build.0 = Release|Win32
	EndGlobalSection
	GlobalSection(SolutionProperties) = preSolution
		HideSolutionNode = FALSE
	EndGlobalSection
	GlobalSection(ExtensibilityGlobals) = postSolution
		SolutionGuid = {025B4D1B-FAB9-4EFF-BCF7-EB3580D15700}
	EndGlobalSection
EndGlobal
