
Microsoft Visual Studio Solution File, Format Version 12.00
# Visual Studio Version 16
VisualStudioVersion = 16.0.30717.126
MinimumVisualStudioVersion = 10.0.40219.1
Project("{8BC9CEB8-8B4A-11D0-8D11-00A0C91BC942}") = "枚举类型", "枚举类型.vcxproj", "{AF1164E4-6A92-4D88-BB88-872AA7DD79D6}"
EndProject
Global
	GlobalSection(SolutionConfigurationPlatforms) = preSolution
		Debug|x64 = Debug|x64
		Debug|x86 = Debug|x86
		Release|x64 = Release|x64
		Release|x86 = Release|x86
	EndGlobalSection
	GlobalSection(ProjectConfigurationPlatforms) = postSolution
		{AF1164E4-6A92-4D88-BB88-872AA7DD79D6}.Debug|x64.ActiveCfg = Debug|x64
		{AF1164E4-6A92-4D88-BB88-872AA7DD79D6}.Debug|x64.Build.0 = Debug|x64
		{AF1164E4-6A92-4D88-BB88-872AA7DD79D6}.Debug|x86.ActiveCfg = Debug|Win32
		{AF1164E4-6A92-4D88-BB88-872AA7DD79D6}.Debug|x86.Build.0 = Debug|Win32
		{AF1164E4-6A92-4D88-BB88-872AA7DD79D6}.Release|x64.ActiveCfg = Release|x64
		{AF1164E4-6A92-4D88-BB88-872AA7DD79D6}.Release|x64.Build.0 = Release|x64
		{AF1164E4-6A92-4D88-BB88-872AA7DD79D6}.Release|x86.ActiveCfg = Release|Win32
		{AF1164E4-6A92-4D88-BB88-872AA7DD79D6}.Release|x86.Build.0 = Release|Win32
	EndGlobalSection
	GlobalSection(SolutionProperties) = preSolution
		HideSolutionNode = FALSE
	EndGlobalSection
	GlobalSection(ExtensibilityGlobals) = postSolution
		SolutionGuid = {CE280D10-B9FB-4BE1-AE31-3CF72A153DF7}
	EndGlobalSection
EndGlobal
