
Microsoft Visual Studio Solution File, Format Version 12.00
# Visual Studio Version 16
VisualStudioVersion = 16.0.30717.126
MinimumVisualStudioVersion = 10.0.40219.1
Project("{FAE04EC0-301F-11D3-BF4B-00C04F79EFBC}") = "H3Q5", "H3Q5.csproj", "{65DEEC51-195E-4618-9F7B-2DDD181DDA6D}"
EndProject
Global
	GlobalSection(SolutionConfigurationPlatforms) = preSolution
		Debug|Any CPU = Debug|Any CPU
		Release|Any CPU = Release|Any CPU
	EndGlobalSection
	GlobalSection(ProjectConfigurationPlatforms) = postSolution
		{65DEEC51-195E-4618-9F7B-2DDD181DDA6D}.Debug|Any CPU.ActiveCfg = Debug|Any CPU
		{65DEEC51-195E-4618-9F7B-2DDD181DDA6D}.Debug|Any CPU.Build.0 = Debug|Any CPU
		{65DEEC51-195E-4618-9F7B-2DDD181DDA6D}.Release|Any CPU.ActiveCfg = Release|Any CPU
		{65DEEC51-195E-4618-9F7B-2DDD181DDA6D}.Release|Any CPU.Build.0 = Release|Any CPU
	EndGlobalSection
	GlobalSection(SolutionProperties) = preSolution
		HideSolutionNode = FALSE
	EndGlobalSection
	GlobalSection(ExtensibilityGlobals) = postSolution
		SolutionGuid = {E43B25FA-BF83-4BE8-BA9A-9BFFA4F6D2BE}
	EndGlobalSection
EndGlobal
