
Microsoft Visual Studio Solution File, Format Version 12.00
# Visual Studio Version 16
VisualStudioVersion = 16.0.31321.278
MinimumVisualStudioVersion = 10.0.40219.1
Project("{FAE04EC0-301F-11D3-BF4B-00C04F79EFBC}") = "H9Q2", "H9Q2.csproj", "{CA946D74-4DA8-43C7-9BFD-54671D20D8C1}"
EndProject
Global
	GlobalSection(SolutionConfigurationPlatforms) = preSolution
		Debug|Any CPU = Debug|Any CPU
		Release|Any CPU = Release|Any CPU
	EndGlobalSection
	GlobalSection(ProjectConfigurationPlatforms) = postSolution
		{CA946D74-4DA8-43C7-9BFD-54671D20D8C1}.Debug|Any CPU.ActiveCfg = Debug|Any CPU
		{CA946D74-4DA8-43C7-9BFD-54671D20D8C1}.Debug|Any CPU.Build.0 = Debug|Any CPU
		{CA946D74-4DA8-43C7-9BFD-54671D20D8C1}.Release|Any CPU.ActiveCfg = Release|Any CPU
		{CA946D74-4DA8-43C7-9BFD-54671D20D8C1}.Release|Any CPU.Build.0 = Release|Any CPU
	EndGlobalSection
	GlobalSection(SolutionProperties) = preSolution
		HideSolutionNode = FALSE
	EndGlobalSection
	GlobalSection(ExtensibilityGlobals) = postSolution
		SolutionGuid = {5809CC71-BEF4-4D81-80C1-C47A2FB1F324}
	EndGlobalSection
EndGlobal
