
Microsoft Visual Studio Solution File, Format Version 12.00
# Visual Studio Version 16
VisualStudioVersion = 16.0.30517.126
MinimumVisualStudioVersion = 10.0.40219.1
Project("{888888A0-9F3D-457C-B088-3A5042F75D52}") = "数列算法", "数列算法.pyproj", "{92E4A14F-357B-4BCF-ACF4-B4129E874867}"
EndProject
Global
	GlobalSection(SolutionConfigurationPlatforms) = preSolution
		Debug|Any CPU = Debug|Any CPU
		Release|Any CPU = Release|Any CPU
	EndGlobalSection
	GlobalSection(ProjectConfigurationPlatforms) = postSolution
		{92E4A14F-357B-4BCF-ACF4-B4129E874867}.Debug|Any CPU.ActiveCfg = Debug|Any CPU
		{92E4A14F-357B-4BCF-ACF4-B4129E874867}.Release|Any CPU.ActiveCfg = Release|Any CPU
	EndGlobalSection
	GlobalSection(SolutionProperties) = preSolution
		HideSolutionNode = FALSE
	EndGlobalSection
	GlobalSection(ExtensibilityGlobals) = postSolution
		SolutionGuid = {3CBD08DF-D41B-424B-8045-9CAFA5D21725}
	EndGlobalSection
EndGlobal
