
Microsoft Visual Studio Solution File, Format Version 12.00
# Visual Studio Version 16
VisualStudioVersion = 16.0.30717.126
MinimumVisualStudioVersion = 10.0.40219.1
Project("{FAE04EC0-301F-11D3-BF4B-00C04F79EFBC}") = "GameSnake", "GameSnake.csproj", "{46F95559-D5A9-458F-A333-2C6F0840B236}"
EndProject
Global
	GlobalSection(SolutionConfigurationPlatforms) = preSolution
		Debug|Any CPU = Debug|Any CPU
		Release|Any CPU = Release|Any CPU
	EndGlobalSection
	GlobalSection(ProjectConfigurationPlatforms) = postSolution
		{46F95559-D5A9-458F-A333-2C6F0840B236}.Debug|Any CPU.ActiveCfg = Debug|Any CPU
		{46F95559-D5A9-458F-A333-2C6F0840B236}.Debug|Any CPU.Build.0 = Debug|Any CPU
		{46F95559-D5A9-458F-A333-2C6F0840B236}.Release|Any CPU.ActiveCfg = Release|Any CPU
		{46F95559-D5A9-458F-A333-2C6F0840B236}.Release|Any CPU.Build.0 = Release|Any CPU
	EndGlobalSection
	GlobalSection(SolutionProperties) = preSolution
		HideSolutionNode = FALSE
	EndGlobalSection
	GlobalSection(ExtensibilityGlobals) = postSolution
		SolutionGuid = {ED50D985-46BC-4583-A6AA-9BF8F2E11303}
	EndGlobalSection
EndGlobal
